
Microsoft Visual Studio Solution File, Format Version 12.00
# Visual Studio Version 16
VisualStudioVersion = 16.0.30114.105
MinimumVisualStudioVersion = 10.0.40219.1
Project("{FAE04EC0-301F-11D3-BF4B-00C04F79EFBC}") = "ShowcaseAddIn", "ProductManager\ShowcaseAddIn.csproj", "{61AA2BAF-641B-4A98-8354-A61EA4213C6B}"
EndProject
Project("{9A19103F-16F7-4668-BE54-9A1E7A4F7556}") = "Application", "Application\Application.csproj", "{AE62C3BC-4429-43DD-B1BE-6651E477C2A4}"
EndProject
Global
	GlobalSection(SolutionConfigurationPlatforms) = preSolution
		Debug|Any CPU = Debug|Any CPU
		Release|Any CPU = Release|Any CPU
	EndGlobalSection
	GlobalSection(ProjectConfigurationPlatforms) = postSolution
		{61AA2BAF-641B-4A98-8354-A61EA4213C6B}.Debug|Any CPU.ActiveCfg = Debug|Any CPU
		{61AA2BAF-641B-4A98-8354-A61EA4213C6B}.Debug|Any CPU.Build.0 = Debug|Any CPU
		{61AA2BAF-641B-4A98-8354-A61EA4213C6B}.Release|Any CPU.ActiveCfg = Release|Any CPU
		{61AA2BAF-641B-4A98-8354-A61EA4213C6B}.Release|Any CPU.Build.0 = Release|Any CPU
		{AE62C3BC-4429-43DD-B1BE-6651E477C2A4}.Debug|Any CPU.ActiveCfg = Debug|Any CPU
		{AE62C3BC-4429-43DD-B1BE-6651E477C2A4}.Debug|Any CPU.Build.0 = Debug|Any CPU
		{AE62C3BC-4429-43DD-B1BE-6651E477C2A4}.Release|Any CPU.ActiveCfg = Release|Any CPU
		{AE62C3BC-4429-43DD-B1BE-6651E477C2A4}.Release|Any CPU.Build.0 = Release|Any CPU
	EndGlobalSection
	GlobalSection(SolutionProperties) = preSolution
		HideSolutionNode = FALSE
	EndGlobalSection
	GlobalSection(ExtensibilityGlobals) = postSolution
		SolutionGuid = {087C7C9E-E17D-42B4-9C2D-F26A7C7E1EE2}
	EndGlobalSection
EndGlobal
